
Microsoft Visual Studio Solution File, Format Version 12.00
# Visual Studio 2012
Project("{FAE04EC0-301F-11D3-BF4B-00C04F79EFBC}") = "ICT13580568B", "ICT13580568B\ICT13580568B.csproj", "{DB58F01A-2D7D-43D3-8FD8-A75A1649544F}"
EndProject
Project("{FAE04EC0-301F-11D3-BF4B-00C04F79EFBC}") = "ICT13580568B.iOS", "iOS\ICT13580568B.iOS.csproj", "{F9811938-6CD3-43DA-B465-9AB7BBF1874F}"
EndProject
Global
	GlobalSection(SolutionConfigurationPlatforms) = preSolution
		Debug|Any CPU = Debug|Any CPU
		Release|Any CPU = Release|Any CPU
		Debug|iPhoneSimulator = Debug|iPhoneSimulator
		Release|iPhone = Release|iPhone
		Release|iPhoneSimulator = Release|iPhoneSimulator
		Debug|iPhone = Debug|iPhone
	EndGlobalSection
	GlobalSection(ProjectConfigurationPlatforms) = postSolution
		{DB58F01A-2D7D-43D3-8FD8-A75A1649544F}.Debug|Any CPU.ActiveCfg = Debug|Any CPU
		{DB58F01A-2D7D-43D3-8FD8-A75A1649544F}.Debug|Any CPU.Build.0 = Debug|Any CPU
		{DB58F01A-2D7D-43D3-8FD8-A75A1649544F}.Release|Any CPU.ActiveCfg = Release|Any CPU
		{DB58F01A-2D7D-43D3-8FD8-A75A1649544F}.Release|Any CPU.Build.0 = Release|Any CPU
		{DB58F01A-2D7D-43D3-8FD8-A75A1649544F}.Debug|iPhoneSimulator.ActiveCfg = Debug|Any CPU
		{DB58F01A-2D7D-43D3-8FD8-A75A1649544F}.Debug|iPhoneSimulator.Build.0 = Debug|Any CPU
		{DB58F01A-2D7D-43D3-8FD8-A75A1649544F}.Release|iPhone.ActiveCfg = Release|Any CPU
		{DB58F01A-2D7D-43D3-8FD8-A75A1649544F}.Release|iPhone.Build.0 = Release|Any CPU
		{DB58F01A-2D7D-43D3-8FD8-A75A1649544F}.Release|iPhoneSimulator.ActiveCfg = Release|Any CPU
		{DB58F01A-2D7D-43D3-8FD8-A75A1649544F}.Release|iPhoneSimulator.Build.0 = Release|Any CPU
		{DB58F01A-2D7D-43D3-8FD8-A75A1649544F}.Debug|iPhone.ActiveCfg = Debug|Any CPU
		{DB58F01A-2D7D-43D3-8FD8-A75A1649544F}.Debug|iPhone.Build.0 = Debug|Any CPU
		{F9811938-6CD3-43DA-B465-9AB7BBF1874F}.Debug|Any CPU.ActiveCfg = Debug|iPhoneSimulator
		{F9811938-6CD3-43DA-B465-9AB7BBF1874F}.Debug|Any CPU.Build.0 = Debug|iPhoneSimulator
		{F9811938-6CD3-43DA-B465-9AB7BBF1874F}.Release|Any CPU.ActiveCfg = Release|iPhone
		{F9811938-6CD3-43DA-B465-9AB7BBF1874F}.Release|Any CPU.Build.0 = Release|iPhone
		{F9811938-6CD3-43DA-B465-9AB7BBF1874F}.Debug|iPhoneSimulator.ActiveCfg = Debug|iPhoneSimulator
		{F9811938-6CD3-43DA-B465-9AB7BBF1874F}.Debug|iPhoneSimulator.Build.0 = Debug|iPhoneSimulator
		{F9811938-6CD3-43DA-B465-9AB7BBF1874F}.Release|iPhone.ActiveCfg = Release|iPhone
		{F9811938-6CD3-43DA-B465-9AB7BBF1874F}.Release|iPhone.Build.0 = Release|iPhone
		{F9811938-6CD3-43DA-B465-9AB7BBF1874F}.Release|iPhoneSimulator.ActiveCfg = Release|iPhoneSimulator
		{F9811938-6CD3-43DA-B465-9AB7BBF1874F}.Release|iPhoneSimulator.Build.0 = Release|iPhoneSimulator
		{F9811938-6CD3-43DA-B465-9AB7BBF1874F}.Debug|iPhone.ActiveCfg = Debug|iPhone
		{F9811938-6CD3-43DA-B465-9AB7BBF1874F}.Debug|iPhone.Build.0 = Debug|iPhone
	EndGlobalSection
EndGlobal
